// !$*UTF8*$!
{
	archiveVersion = 1;
	classes = {
	};
	objectVersion = 46;
	objects = {

/* Begin PBXBuildFile section */
		25F07EC318499E7200F9C5AE /* UIKit.framework in Frameworks */ = {isa = PBXBuildFile; fileRef = 25F07EC218499E7200F9C5AE /* UIKit.framework */; };
		25F07EC518499E7200F9C5AE /* Foundation.framework in Frameworks */ = {isa = PBXBuildFile; fileRef = 25F07EC418499E7200F9C5AE /* Foundation.framework */; };
		25F07EC718499E7200F9C5AE /* CoreGraphics.framework in Frameworks */ = {isa = PBXBuildFile; fileRef = 25F07EC618499E7200F9C5AE /* CoreGraphics.framework */; };
		25F07ECD18499E7200F9C5AE /* InfoPlist.strings in Resources */ = {isa = PBXBuildFile; fileRef = 25F07ECB18499E7200F9C5AE /* InfoPlist.strings */; };
		25F07ECF18499E7200F9C5AE /* main.m in Sources */ = {isa = PBXBuildFile; fileRef = 25F07ECE18499E7200F9C5AE /* main.m */; };
		25F07ED318499E7200F9C5AE /* FCAppDelegate.m in Sources */ = {isa = PBXBuildFile; fileRef = 25F07ED218499E7200F9C5AE /* FCAppDelegate.m */; };
		25F07ED518499E7200F9C5AE /* Default.png in Resources */ = {isa = PBXBuildFile; fileRef = 25F07ED418499E7200F9C5AE /* Default.png */; };
		25F07ED718499E7200F9C5AE /* Default@2x.png in Resources */ = {isa = PBXBuildFile; fileRef = 25F07ED618499E7200F9C5AE /* Default@2x.png */; };
		25F07ED918499E7200F9C5AE /* Default-568h@2x.png in Resources */ = {isa = PBXBuildFile; fileRef = 25F07ED818499E7200F9C5AE /* Default-568h@2x.png */; };
		25F07EDC18499E7200F9C5AE /* MainStoryboard.storyboard in Resources */ = {isa = PBXBuildFile; fileRef = 25F07EDA18499E7200F9C5AE /* MainStoryboard.storyboard */; };
		25F07EDF18499E7200F9C5AE /* FCViewController.m in Sources */ = {isa = PBXBuildFile; fileRef = 25F07EDE18499E7200F9C5AE /* FCViewController.m */; };
		25F07EE71849A03300F9C5AE /* FCCubeViewController.m in Sources */ = {isa = PBXBuildFile; fileRef = 25F07EE61849A03300F9C5AE /* FCCubeViewController.m */; };
		25F07EEA1849A07100F9C5AE /* FCCubeView.m in Sources */ = {isa = PBXBuildFile; fileRef = 25F07EE91849A07100F9C5AE /* FCCubeView.m */; };
		25F07EED1849A17000F9C5AE /* FCOrthoPanGestureRecognizer.m in Sources */ = {isa = PBXBuildFile; fileRef = 25F07EEC1849A17000F9C5AE /* FCOrthoPanGestureRecognizer.m */; };
		25F07EF41849A4D800F9C5AE /* FCMainView.m in Sources */ = {isa = PBXBuildFile; fileRef = 25F07EF31849A4D800F9C5AE /* FCMainView.m */; };
		25F07EF8184C107900F9C5AE /* QuartzCore.framework in Frameworks */ = {isa = PBXBuildFile; fileRef = 25F07EF7184C107900F9C5AE /* QuartzCore.framework */; };
		25F07F04184C4A0400F9C5AE /* chart1.png in Resources */ = {isa = PBXBuildFile; fileRef = 25F07EFE184C4A0400F9C5AE /* chart1.png */; };
		25F07F05184C4A0400F9C5AE /* chart2.png in Resources */ = {isa = PBXBuildFile; fileRef = 25F07EFF184C4A0400F9C5AE /* chart2.png */; };
		25F07F06184C4A0400F9C5AE /* chart3.png in Resources */ = {isa = PBXBuildFile; fileRef = 25F07F00184C4A0400F9C5AE /* chart3.png */; };
		25F07F07184C4A0400F9C5AE /* chart4.png in Resources */ = {isa = PBXBuildFile; fileRef = 25F07F01184C4A0400F9C5AE /* chart4.png */; };
		25F07F08184C4A0400F9C5AE /* chart5.png in Resources */ = {isa = PBXBuildFile; fileRef = 25F07F02184C4A0400F9C5AE /* chart5.png */; };
		25F07F09184C4A0400F9C5AE /* chart6.png in Resources */ = {isa = PBXBuildFile; fileRef = 25F07F03184C4A0400F9C5AE /* chart6.png */; };
/* End PBXBuildFile section */

/* Begin PBXFileReference section */
		25F07EBE18499E7200F9C5AE /* FlipCube.app */ = {isa = PBXFileReference; explicitFileType = wrapper.application; includeInIndex = 0; path = FlipCube.app; sourceTree = BUILT_PRODUCTS_DIR; };
		25F07EC218499E7200F9C5AE /* UIKit.framework */ = {isa = PBXFileReference; lastKnownFileType = wrapper.framework; name = UIKit.framework; path = System/Library/Frameworks/UIKit.framework; sourceTree = SDKROOT; };
		25F07EC418499E7200F9C5AE /* Foundation.framework */ = {isa = PBXFileReference; lastKnownFileType = wrapper.framework; name = Foundation.framework; path = System/Library/Frameworks/Foundation.framework; sourceTree = SDKROOT; };
		25F07EC618499E7200F9C5AE /* CoreGraphics.framework */ = {isa = PBXFileReference; lastKnownFileType = wrapper.framework; name = CoreGraphics.framework; path = System/Library/Frameworks/CoreGraphics.framework; sourceTree = SDKROOT; };
		25F07ECA18499E7200F9C5AE /* FlipCube-Info.plist */ = {isa = PBXFileReference; lastKnownFileType = text.plist.xml; path = "FlipCube-Info.plist"; sourceTree = "<group>"; };
		25F07ECC18499E7200F9C5AE /* en */ = {isa = PBXFileReference; lastKnownFileType = text.plist.strings; name = en; path = en.lproj/InfoPlist.strings; sourceTree = "<group>"; };
		25F07ECE18499E7200F9C5AE /* main.m */ = {isa = PBXFileReference; lastKnownFileType = sourcecode.c.objc; path = main.m; sourceTree = "<group>"; };
		25F07ED018499E7200F9C5AE /* FlipCube-Prefix.pch */ = {isa = PBXFileReference; lastKnownFileType = sourcecode.c.h; path = "FlipCube-Prefix.pch"; sourceTree = "<group>"; };
		25F07ED118499E7200F9C5AE /* FCAppDelegate.h */ = {isa = PBXFileReference; lastKnownFileType = sourcecode.c.h; path = FCAppDelegate.h; sourceTree = "<group>"; };
		25F07ED218499E7200F9C5AE /* FCAppDelegate.m */ = {isa = PBXFileReference; lastKnownFileType = sourcecode.c.objc; path = FCAppDelegate.m; sourceTree = "<group>"; };
		25F07ED418499E7200F9C5AE /* Default.png */ = {isa = PBXFileReference; lastKnownFileType = image.png; path = Default.png; sourceTree = "<group>"; };
		25F07ED618499E7200F9C5AE /* Default@2x.png */ = {isa = PBXFileReference; lastKnownFileType = image.png; path = "Default@2x.png"; sourceTree = "<group>"; };
		25F07ED818499E7200F9C5AE /* Default-568h@2x.png */ = {isa = PBXFileReference; lastKnownFileType = image.png; path = "Default-568h@2x.png"; sourceTree = "<group>"; };
		25F07EDB18499E7200F9C5AE /* en */ = {isa = PBXFileReference; lastKnownFileType = file.storyboard; name = en; path = en.lproj/MainStoryboard.storyboard; sourceTree = "<group>"; };
		25F07EDD18499E7200F9C5AE /* FCViewController.h */ = {isa = PBXFileReference; lastKnownFileType = sourcecode.c.h; path = FCViewController.h; sourceTree = "<group>"; };
		25F07EDE18499E7200F9C5AE /* FCViewController.m */ = {isa = PBXFileReference; lastKnownFileType = sourcecode.c.objc; path = FCViewController.m; sourceTree = "<group>"; };
		25F07EE51849A03300F9C5AE /* FCCubeViewController.h */ = {isa = PBXFileReference; fileEncoding = 4; lastKnownFileType = sourcecode.c.h; path = FCCubeViewController.h; sourceTree = "<group>"; };
		25F07EE61849A03300F9C5AE /* FCCubeViewController.m */ = {isa = PBXFileReference; fileEncoding = 4; lastKnownFileType = sourcecode.c.objc; path = FCCubeViewController.m; sourceTree = "<group>"; };
		25F07EE81849A07100F9C5AE /* FCCubeView.h */ = {isa = PBXFileReference; fileEncoding = 4; lastKnownFileType = sourcecode.c.h; path = FCCubeView.h; sourceTree = "<group>"; };
		25F07EE91849A07100F9C5AE /* FCCubeView.m */ = {isa = PBXFileReference; fileEncoding = 4; lastKnownFileType = sourcecode.c.objc; path = FCCubeView.m; sourceTree = "<group>"; };
		25F07EEB1849A17000F9C5AE /* FCOrthoPanGestureRecognizer.h */ = {isa = PBXFileReference; fileEncoding = 4; lastKnownFileType = sourcecode.c.h; path = FCOrthoPanGestureRecognizer.h; sourceTree = "<group>"; };
		25F07EEC1849A17000F9C5AE /* FCOrthoPanGestureRecognizer.m */ = {isa = PBXFileReference; fileEncoding = 4; lastKnownFileType = sourcecode.c.objc; path = FCOrthoPanGestureRecognizer.m; sourceTree = "<group>"; };
		25F07EF21849A4D800F9C5AE /* FCMainView.h */ = {isa = PBXFileReference; fileEncoding = 4; lastKnownFileType = sourcecode.c.h; path = FCMainView.h; sourceTree = "<group>"; };
		25F07EF31849A4D800F9C5AE /* FCMainView.m */ = {isa = PBXFileReference; fileEncoding = 4; lastKnownFileType = sourcecode.c.objc; path = FCMainView.m; sourceTree = "<group>"; };
		25F07EF7184C107900F9C5AE /* QuartzCore.framework */ = {isa = PBXFileReference; lastKnownFileType = wrapper.framework; name = QuartzCore.framework; path = System/Library/Frameworks/QuartzCore.framework; sourceTree = SDKROOT; };
		25F07EFE184C4A0400F9C5AE /* chart1.png */ = {isa = PBXFileReference; lastKnownFileType = image.png; path = chart1.png; sourceTree = "<group>"; };
		25F07EFF184C4A0400F9C5AE /* chart2.png */ = {isa = PBXFileReference; lastKnownFileType = image.png; path = chart2.png; sourceTree = "<group>"; };
		25F07F00184C4A0400F9C5AE /* chart3.png */ = {isa = PBXFileReference; lastKnownFileType = image.png; path = chart3.png; sourceTree = "<group>"; };
		25F07F01184C4A0400F9C5AE /* chart4.png */ = {isa = PBXFileReference; lastKnownFileType = image.png; path = chart4.png; sourceTree = "<group>"; };
		25F07F02184C4A0400F9C5AE /* chart5.png */ = {isa = PBXFileReference; lastKnownFileType = image.png; path = chart5.png; sourceTree = "<group>"; };
		25F07F03184C4A0400F9C5AE /* chart6.png */ = {isa = PBXFileReference; lastKnownFileType = image.png; path = chart6.png; sourceTree = "<group>"; };
		25F07F0A184D752700F9C5AE /* FCDirection.h */ = {isa = PBXFileReference; lastKnownFileType = sourcecode.c.h; name = FCDirection.h; path = FlipCube/FCDirection.h; sourceTree = "<group>"; };
/* End PBXFileReference section */

/* Begin PBXFrameworksBuildPhase section */
		25F07EBB18499E7200F9C5AE /* Frameworks */ = {
			isa = PBXFrameworksBuildPhase;
			buildActionMask = 2147483647;
			files = (
				25F07EF8184C107900F9C5AE /* QuartzCore.framework in Frameworks */,
				25F07EC318499E7200F9C5AE /* UIKit.framework in Frameworks */,
				25F07EC518499E7200F9C5AE /* Foundation.framework in Frameworks */,
				25F07EC718499E7200F9C5AE /* CoreGraphics.framework in Frameworks */,
			);
			runOnlyForDeploymentPostprocessing = 0;
		};
/* End PBXFrameworksBuildPhase section */

/* Begin PBXGroup section */
		25F07EB318499E7200F9C5AE = {
			isa = PBXGroup;
			children = (
				25F07F0A184D752700F9C5AE /* FCDirection.h */,
				25F07EF7184C107900F9C5AE /* QuartzCore.framework */,
				25F07EC818499E7200F9C5AE /* FlipCube */,
				25F07EC118499E7200F9C5AE /* Frameworks */,
				25F07EBF18499E7200F9C5AE /* Products */,
			);
			sourceTree = "<group>";
		};
		25F07EBF18499E7200F9C5AE /* Products */ = {
			isa = PBXGroup;
			children = (
				25F07EBE18499E7200F9C5AE /* FlipCube.app */,
			);
			name = Products;
			sourceTree = "<group>";
		};
		25F07EC118499E7200F9C5AE /* Frameworks */ = {
			isa = PBXGroup;
			children = (
				25F07EC218499E7200F9C5AE /* UIKit.framework */,
				25F07EC418499E7200F9C5AE /* Foundation.framework */,
				25F07EC618499E7200F9C5AE /* CoreGraphics.framework */,
			);
			name = Frameworks;
			sourceTree = "<group>";
		};
		25F07EC818499E7200F9C5AE /* FlipCube */ = {
			isa = PBXGroup;
			children = (
				25F07ED118499E7200F9C5AE /* FCAppDelegate.h */,
				25F07ED218499E7200F9C5AE /* FCAppDelegate.m */,
				25F07EDA18499E7200F9C5AE /* MainStoryboard.storyboard */,
				25F07EEB1849A17000F9C5AE /* FCOrthoPanGestureRecognizer.h */,
				25F07EEC1849A17000F9C5AE /* FCOrthoPanGestureRecognizer.m */,
				25F07EF21849A4D800F9C5AE /* FCMainView.h */,
				25F07EF31849A4D800F9C5AE /* FCMainView.m */,
				25F07EE51849A03300F9C5AE /* FCCubeViewController.h */,
				25F07EE61849A03300F9C5AE /* FCCubeViewController.m */,
				25F07EE81849A07100F9C5AE /* FCCubeView.h */,
				25F07EE91849A07100F9C5AE /* FCCubeView.m */,
				25F07EDD18499E7200F9C5AE /* FCViewController.h */,
				25F07EDE18499E7200F9C5AE /* FCViewController.m */,
				25F07EC918499E7200F9C5AE /* Supporting Files */,
			);
			path = FlipCube;
			sourceTree = "<group>";
		};
		25F07EC918499E7200F9C5AE /* Supporting Files */ = {
			isa = PBXGroup;
			children = (
				25F07ECA18499E7200F9C5AE /* FlipCube-Info.plist */,
				25F07ECB18499E7200F9C5AE /* InfoPlist.strings */,
				25F07ECE18499E7200F9C5AE /* main.m */,
				25F07ED018499E7200F9C5AE /* FlipCube-Prefix.pch */,
				25F07ED418499E7200F9C5AE /* Default.png */,
				25F07ED618499E7200F9C5AE /* Default@2x.png */,
				25F07ED818499E7200F9C5AE /* Default-568h@2x.png */,
				25F07EFE184C4A0400F9C5AE /* chart1.png */,
				25F07EFF184C4A0400F9C5AE /* chart2.png */,
				25F07F00184C4A0400F9C5AE /* chart3.png */,
				25F07F01184C4A0400F9C5AE /* chart4.png */,
				25F07F02184C4A0400F9C5AE /* chart5.png */,
				25F07F03184C4A0400F9C5AE /* chart6.png */,
			);
			name = "Supporting Files";
			sourceTree = "<group>";
		};
/* End PBXGroup section */

/* Begin PBXNativeTarget section */
		25F07EBD18499E7200F9C5AE /* FlipCube */ = {
			isa = PBXNativeTarget;
			buildConfigurationList = 25F07EE218499E7200F9C5AE /* Build configuration list for PBXNativeTarget "FlipCube" */;
			buildPhases = (
				25F07EBA18499E7200F9C5AE /* Sources */,
				25F07EBB18499E7200F9C5AE /* Frameworks */,
				25F07EBC18499E7200F9C5AE /* Resources */,
			);
			buildRules = (
			);
			dependencies = (
			);
			name = FlipCube;
			productName = FlipCube;
			productReference = 25F07EBE18499E7200F9C5AE /* FlipCube.app */;
			productType = "com.apple.product-type.application";
		};
/* End PBXNativeTarget section */

/* Begin PBXProject section */
		25F07EB518499E7200F9C5AE /* Project object */ = {
			isa = PBXProject;
			attributes = {
				CLASSPREFIX = FC;
				LastUpgradeCheck = 0450;
				ORGANIZATIONNAME = "Don Altman";
			};
			buildConfigurationList = 25F07EB818499E7200F9C5AE /* Build configuration list for PBXProject "FlipCube" */;
			compatibilityVersion = "Xcode 3.2";
			developmentRegion = English;
			hasScannedForEncodings = 0;
			knownRegions = (
				en,
			);
			mainGroup = 25F07EB318499E7200F9C5AE;
			productRefGroup = 25F07EBF18499E7200F9C5AE /* Products */;
			projectDirPath = "";
			projectRoot = "";
			targets = (
				25F07EBD18499E7200F9C5AE /* FlipCube */,
			);
		};
/* End PBXProject section */

/* Begin PBXResourcesBuildPhase section */
		25F07EBC18499E7200F9C5AE /* Resources */ = {
			isa = PBXResourcesBuildPhase;
			buildActionMask = 2147483647;
			files = (
				25F07ECD18499E7200F9C5AE /* InfoPlist.strings in Resources */,
				25F07ED518499E7200F9C5AE /* Default.png in Resources */,
				25F07ED718499E7200F9C5AE /* Default@2x.png in Resources */,
				25F07ED918499E7200F9C5AE /* Default-568h@2x.png in Resources */,
				25F07EDC18499E7200F9C5AE /* MainStoryboard.storyboard in Resources */,
				25F07F04184C4A0400F9C5AE /* chart1.png in Resources */,
				25F07F05184C4A0400F9C5AE /* chart2.png in Resources */,
				25F07F06184C4A0400F9C5AE /* chart3.png in Resources */,
				25F07F07184C4A0400F9C5AE /* chart4.png in Resources */,
				25F07F08184C4A0400F9C5AE /* chart5.png in Resources */,
				25F07F09184C4A0400F9C5AE /* chart6.png in Resources */,
			);
			runOnlyForDeploymentPostprocessing = 0;
		};
/* End PBXResourcesBuildPhase section */

/* Begin PBXSourcesBuildPhase section */
		25F07EBA18499E7200F9C5AE /* Sources */ = {
			isa = PBXSourcesBuildPhase;
			buildActionMask = 2147483647;
			files = (
				25F07ECF18499E7200F9C5AE /* main.m in Sources */,
				25F07ED318499E7200F9C5AE /* FCAppDelegate.m in Sources */,
				25F07EDF18499E7200F9C5AE /* FCViewController.m in Sources */,
				25F07EE71849A03300F9C5AE /* FCCubeViewController.m in Sources */,
				25F07EEA1849A07100F9C5AE /* FCCubeView.m in Sources */,
				25F07EED1849A17000F9C5AE /* FCOrthoPanGestureRecognizer.m in Sources */,
				25F07EF41849A4D800F9C5AE /* FCMainView.m in Sources */,
			);
			runOnlyForDeploymentPostprocessing = 0;
		};
/* End PBXSourcesBuildPhase section */

/* Begin PBXVariantGroup section */
		25F07ECB18499E7200F9C5AE /* InfoPlist.strings */ = {
			isa = PBXVariantGroup;
			children = (
				25F07ECC18499E7200F9C5AE /* en */,
			);
			name = InfoPlist.strings;
			sourceTree = "<group>";
		};
		25F07EDA18499E7200F9C5AE /* MainStoryboard.storyboard */ = {
			isa = PBXVariantGroup;
			children = (
				25F07EDB18499E7200F9C5AE /* en */,
			);
			name = MainStoryboard.storyboard;
			sourceTree = "<group>";
		};
/* End PBXVariantGroup section */

/* Begin XCBuildConfiguration section */
		25F07EE018499E7200F9C5AE /* Debug */ = {
			isa = XCBuildConfiguration;
			buildSettings = {
				ALWAYS_SEARCH_USER_PATHS = NO;
				CLANG_CXX_LANGUAGE_STANDARD = "gnu++0x";
				CLANG_CXX_LIBRARY = "libc++";
				CLANG_ENABLE_OBJC_ARC = YES;
				CLANG_WARN_EMPTY_BODY = YES;
				CLANG_WARN__DUPLICATE_METHOD_MATCH = YES;
				"CODE_SIGN_IDENTITY[sdk=iphoneos*]" = "iPhone Developer";
				COPY_PHASE_STRIP = NO;
				GCC_C_LANGUAGE_STANDARD = gnu99;
				GCC_DYNAMIC_NO_PIC = NO;
				GCC_OPTIMIZATION_LEVEL = 0;
				GCC_PREPROCESSOR_DEFINITIONS = (
					"DEBUG=1",
					"$(inherited)",
				);
				GCC_SYMBOLS_PRIVATE_EXTERN = NO;
				GCC_WARN_ABOUT_RETURN_TYPE = YES;
				GCC_WARN_UNINITIALIZED_AUTOS = YES;
				GCC_WARN_UNUSED_VARIABLE = YES;
				IPHONEOS_DEPLOYMENT_TARGET = 5.1;
				ONLY_ACTIVE_ARCH = YES;
				SDKROOT = iphoneos;
				TARGETED_DEVICE_FAMILY = 2;
			};
			name = Debug;
		};
		25F07EE118499E7200F9C5AE /* Release */ = {
			isa = XCBuildConfiguration;
			buildSettings = {
				ALWAYS_SEARCH_USER_PATHS = NO;
				CLANG_CXX_LANGUAGE_STANDARD = "gnu++0x";
				CLANG_CXX_LIBRARY = "libc++";
				CLANG_ENABLE_OBJC_ARC = YES;
				CLANG_WARN_EMPTY_BODY = YES;
				CLANG_WARN__DUPLICATE_METHOD_MATCH = YES;
				"CODE_SIGN_IDENTITY[sdk=iphoneos*]" = "iPhone Developer";
				COPY_PHASE_STRIP = YES;
				GCC_C_LANGUAGE_STANDARD = gnu99;
				GCC_WARN_ABOUT_RETURN_TYPE = YES;
				GCC_WARN_UNINITIALIZED_AUTOS = YES;
				GCC_WARN_UNUSED_VARIABLE = YES;
				IPHONEOS_DEPLOYMENT_TARGET = 5.1;
				OTHER_CFLAGS = "-DNS_BLOCK_ASSERTIONS=1";
				SDKROOT = iphoneos;
				TARGETED_DEVICE_FAMILY = 2;
				VALIDATE_PRODUCT = YES;
			};
			name = Release;
		};
		25F07EE318499E7200F9C5AE /* Debug */ = {
			isa = XCBuildConfiguration;
			buildSettings = {
				GCC_PRECOMPILE_PREFIX_HEADER = YES;
				GCC_PREFIX_HEADER = "FlipCube/FlipCube-Prefix.pch";
				INFOPLIST_FILE = "FlipCube/FlipCube-Info.plist";
				IPHONEOS_DEPLOYMENT_TARGET = 5.1;
				PRODUCT_NAME = "$(TARGET_NAME)";
				WRAPPER_EXTENSION = app;
			};
			name = Debug;
		};
		25F07EE418499E7200F9C5AE /* Release */ = {
			isa = XCBuildConfiguration;
			buildSettings = {
				GCC_PRECOMPILE_PREFIX_HEADER = YES;
				GCC_PREFIX_HEADER = "FlipCube/FlipCube-Prefix.pch";
				INFOPLIST_FILE = "FlipCube/FlipCube-Info.plist";
				IPHONEOS_DEPLOYMENT_TARGET = 5.1;
				PRODUCT_NAME = "$(TARGET_NAME)";
				WRAPPER_EXTENSION = app;
			};
			name = Release;
		};
/* End XCBuildConfiguration section */

/* Begin XCConfigurationList section */
		25F07EB818499E7200F9C5AE /* Build configuration list for PBXProject "FlipCube" */ = {
			isa = XCConfigurationList;
			buildConfigurations = (
				25F07EE018499E7200F9C5AE /* Debug */,
				25F07EE118499E7200F9C5AE /* Release */,
			);
			defaultConfigurationIsVisible = 0;
			defaultConfigurationName = Release;
		};
		25F07EE218499E7200F9C5AE /* Build configuration list for PBXNativeTarget "FlipCube" */ = {
			isa = XCConfigurationList;
			buildConfigurations = (
				25F07EE318499E7200F9C5AE /* Debug */,
				25F07EE418499E7200F9C5AE /* Release */,
			);
			defaultConfigurationIsVisible = 0;
		};
/* End XCConfigurationList section */
	};
	rootObject = 25F07EB518499E7200F9C5AE /* Project object */;
}
